#MicroXplorer Configuration settings - do not modify
#Mon Sep 01 13:58:21 MDT 2014
ADC1.Channel-0\#ChannelRegularConversion=ADC_CHANNEL_TEMPSENSOR
ADC1.IPParameters=NbrOfConversionFlag,Channel-0\#ChannelRegularConversion,SamplingTime-0\#ChannelRegularConversion,Rank-0\#ChannelRegularConversion,master
ADC1.NbrOfConversionFlag=1
ADC1.Rank-0\#ChannelRegularConversion=1
ADC1.SamplingTime-0\#ChannelRegularConversion=ADC_SAMPLETIME_3CYCLES
ADC1.master=1
File.Version=4
KeepUserPlacement=false
Mcu.Family=STM32F4
Mcu.IP0=ADC1
Mcu.IP1=DAC
Mcu.IP2=NVIC
Mcu.IP3=RCC
Mcu.IP4=SDIO
Mcu.IP5=SYS
Mcu.IPNb=6
Mcu.Name=STM32F429V(E-G-I)Tx
Mcu.Package=LQFP100
Mcu.Pin0=PC14/OSC32_IN
Mcu.Pin1=PC15/OSC32_OUT
Mcu.Pin10=PA14
Mcu.Pin11=PC10
Mcu.Pin12=PC11
Mcu.Pin13=PC12
Mcu.Pin14=PD2
Mcu.Pin15=VP_ADC1_TempSens_Input
Mcu.Pin16=VP_ADC1_Vbat_Input
Mcu.Pin2=PH0/OSC_IN
Mcu.Pin3=PH1/OSC_OUT
Mcu.Pin4=PA4
Mcu.Pin5=PA5
Mcu.Pin6=PC8
Mcu.Pin7=PC9
Mcu.Pin8=PA8
Mcu.Pin9=PA13
Mcu.PinsNb=17
Mcu.UserName=STM32F429VITx
NVIC.PriorityGroup=NVIC_PRIORITYGROUP_0
NVIC.SysTick_IRQn=true\:0\:0
PA13.Mode=Serial-Wire
PA13.Signal=SYS_JTMS-SWDIO
PA14.Mode=Serial-Wire
PA14.Signal=SYS_JTCK-SWCLK
PA4.Signal=COMP_DAC1_group
PA5.Signal=COMP_DAC2_group
PA8.Mode=Clock-out-1
PA8.Signal=RCC_MCO_1
PC10.Mode=SD_4_bits_Wide_bus
PC10.Signal=SDIO_D2
PC11.Mode=SD_4_bits_Wide_bus
PC11.Signal=SDIO_D3
PC12.Mode=SD_4_bits_Wide_bus
PC12.Signal=SDIO_CK
PC14/OSC32_IN.Mode=LSE-External-Oscillator
PC14/OSC32_IN.Signal=RCC_OSC32_IN
PC15/OSC32_OUT.Mode=LSE-External-Oscillator
PC15/OSC32_OUT.Signal=RCC_OSC32_OUT
PC8.Mode=SD_4_bits_Wide_bus
PC8.Signal=SDIO_D0
PC9.Mode=SD_4_bits_Wide_bus
PC9.Signal=SDIO_D1
PCC.Family=STM32F4
PCC.MCU=STM32F429V(E-G-I)Tx
PCC.MXVersion=4.3.0
PCC.PartNumber=STM32F429VITx
PCC.Seq0=0
PCC.SubFamily=STM32F429/439
PCC.Temperature=25
PCC.Vdd=null
PD2.Mode=SD_4_bits_Wide_bus
PD2.Signal=SDIO_CMD
PH0/OSC_IN.Mode=HSE-External-Oscillator
PH0/OSC_IN.Signal=RCC_OSC_IN
PH1/OSC_OUT.Mode=HSE-External-Oscillator
PH1/OSC_OUT.Signal=RCC_OSC_OUT
RCC.FamilyName=M
RCC.HSE_VALUE=25000000
RCC.HSI_VALUE=16000000
RCC.IPParameters=,LSI_VALUE,FamilyName,LSE_VALUE,HSE_VALUE,HSI_VALUE
RCC.LSE_VALUE=32768
RCC.LSI_VALUE=32000
SH.COMP_DAC1_group.0=DAC_OUT1,DAC_OUT1
SH.COMP_DAC1_group.ConfNb=1
SH.COMP_DAC2_group.0=DAC_OUT2,DAC_OUT2
SH.COMP_DAC2_group.ConfNb=1
VP_ADC1_TempSens_Input.Mode=IN-TempSens
VP_ADC1_TempSens_Input.Signal=ADC1_TempSens_Input
VP_ADC1_Vbat_Input.Mode=IN-Vbat
VP_ADC1_Vbat_Input.Signal=ADC1_Vbat_Input
